// !$*UTF8*$!
{
	archiveVersion = 1;
	classes = {
	};
	objectVersion = 50;
	objects = {

/* Begin PBXBuildFile section */
		DB70AACB2202420600350949 /* RoutineTableViewCell.swift in Sources */ = {isa = PBXBuildFile; fileRef = DB70AACA2202420600350949 /* RoutineTableViewCell.swift */; };
		DB70AACD2202421600350949 /* RoutineTasksTableViewCell.swift in Sources */ = {isa = PBXBuildFile; fileRef = DB70AACC2202421600350949 /* RoutineTasksTableViewCell.swift */; };
		DB70AACF22024D6200350949 /* TempTask.swift in Sources */ = {isa = PBXBuildFile; fileRef = DB70AACE22024D6200350949 /* TempTask.swift */; };
		DB8984AC220B5F8D0070FB05 /* DetailViewController.swift in Sources */ = {isa = PBXBuildFile; fileRef = DB8984AB220B5F8D0070FB05 /* DetailViewController.swift */; };
		DB9C4DF221ECE7AA00E11A15 /* AppDelegate.swift in Sources */ = {isa = PBXBuildFile; fileRef = DB9C4DF121ECE7AA00E11A15 /* AppDelegate.swift */; };
		DB9C4DF421ECE7AA00E11A15 /* DayViewController.swift in Sources */ = {isa = PBXBuildFile; fileRef = DB9C4DF321ECE7AA00E11A15 /* DayViewController.swift */; };
		DB9C4DF721ECE7AA00E11A15 /* Main.storyboard in Resources */ = {isa = PBXBuildFile; fileRef = DB9C4DF521ECE7AA00E11A15 /* Main.storyboard */; };
		DB9C4DFA21ECE7AA00E11A15 /* TaskTracker.xcdatamodeld in Sources */ = {isa = PBXBuildFile; fileRef = DB9C4DF821ECE7AA00E11A15 /* TaskTracker.xcdatamodeld */; };
		DB9C4DFC21ECE7AE00E11A15 /* Assets.xcassets in Resources */ = {isa = PBXBuildFile; fileRef = DB9C4DFB21ECE7AE00E11A15 /* Assets.xcassets */; };
		DB9C4DFF21ECE7AE00E11A15 /* LaunchScreen.storyboard in Resources */ = {isa = PBXBuildFile; fileRef = DB9C4DFD21ECE7AE00E11A15 /* LaunchScreen.storyboard */; };
		DB9C4E0721ECEDB100E11A15 /* TaskViewController.swift in Sources */ = {isa = PBXBuildFile; fileRef = DB9C4E0621ECEDB100E11A15 /* TaskViewController.swift */; };
		DB9C4E0921ECEED800E11A15 /* DayTableViewCell.swift in Sources */ = {isa = PBXBuildFile; fileRef = DB9C4E0821ECEED800E11A15 /* DayTableViewCell.swift */; };
		DB9C4E0B21ECEEEB00E11A15 /* TaskTableViewCell.swift in Sources */ = {isa = PBXBuildFile; fileRef = DB9C4E0A21ECEEEB00E11A15 /* TaskTableViewCell.swift */; };
		DB9C4E6021F3B1B100E11A15 /* SummaryViewController.swift in Sources */ = {isa = PBXBuildFile; fileRef = DB9C4E5F21F3B1B100E11A15 /* SummaryViewController.swift */; };
		DBCD2D3522020E5D009157BF /* RoutineViewController.swift in Sources */ = {isa = PBXBuildFile; fileRef = DBCD2D3422020E5D009157BF /* RoutineViewController.swift */; };
		DBCD2D3722020E7B009157BF /* RoutineTasksViewController.swift in Sources */ = {isa = PBXBuildFile; fileRef = DBCD2D3622020E7B009157BF /* RoutineTasksViewController.swift */; };
/* End PBXBuildFile section */

/* Begin PBXFileReference section */
		DB70AACA2202420600350949 /* RoutineTableViewCell.swift */ = {isa = PBXFileReference; lastKnownFileType = sourcecode.swift; path = RoutineTableViewCell.swift; sourceTree = "<group>"; };
		DB70AACC2202421600350949 /* RoutineTasksTableViewCell.swift */ = {isa = PBXFileReference; lastKnownFileType = sourcecode.swift; path = RoutineTasksTableViewCell.swift; sourceTree = "<group>"; };
		DB70AACE22024D6200350949 /* TempTask.swift */ = {isa = PBXFileReference; lastKnownFileType = sourcecode.swift; path = TempTask.swift; sourceTree = "<group>"; };
		DB8984AB220B5F8D0070FB05 /* DetailViewController.swift */ = {isa = PBXFileReference; lastKnownFileType = sourcecode.swift; path = DetailViewController.swift; sourceTree = "<group>"; };
		DB9C4DEE21ECE7AA00E11A15 /* TaskTracker.app */ = {isa = PBXFileReference; explicitFileType = wrapper.application; includeInIndex = 0; path = TaskTracker.app; sourceTree = BUILT_PRODUCTS_DIR; };
		DB9C4DF121ECE7AA00E11A15 /* AppDelegate.swift */ = {isa = PBXFileReference; lastKnownFileType = sourcecode.swift; path = AppDelegate.swift; sourceTree = "<group>"; };
		DB9C4DF321ECE7AA00E11A15 /* DayViewController.swift */ = {isa = PBXFileReference; lastKnownFileType = sourcecode.swift; path = DayViewController.swift; sourceTree = "<group>"; };
		DB9C4DF621ECE7AA00E11A15 /* Base */ = {isa = PBXFileReference; lastKnownFileType = file.storyboard; name = Base; path = Base.lproj/Main.storyboard; sourceTree = "<group>"; };
		DB9C4DF921ECE7AA00E11A15 /* ProductionControlTaskTracking.xcdatamodel */ = {isa = PBXFileReference; lastKnownFileType = wrapper.xcdatamodel; path = ProductionControlTaskTracking.xcdatamodel; sourceTree = "<group>"; };
		DB9C4DFB21ECE7AE00E11A15 /* Assets.xcassets */ = {isa = PBXFileReference; lastKnownFileType = folder.assetcatalog; path = Assets.xcassets; sourceTree = "<group>"; };
		DB9C4DFE21ECE7AE00E11A15 /* Base */ = {isa = PBXFileReference; lastKnownFileType = file.storyboard; name = Base; path = Base.lproj/LaunchScreen.storyboard; sourceTree = "<group>"; };
		DB9C4E0021ECE7AE00E11A15 /* Info.plist */ = {isa = PBXFileReference; lastKnownFileType = text.plist.xml; path = Info.plist; sourceTree = "<group>"; };
		DB9C4E0621ECEDB100E11A15 /* TaskViewController.swift */ = {isa = PBXFileReference; lastKnownFileType = sourcecode.swift; path = TaskViewController.swift; sourceTree = "<group>"; };
		DB9C4E0821ECEED800E11A15 /* DayTableViewCell.swift */ = {isa = PBXFileReference; lastKnownFileType = sourcecode.swift; path = DayTableViewCell.swift; sourceTree = "<group>"; };
		DB9C4E0A21ECEEEB00E11A15 /* TaskTableViewCell.swift */ = {isa = PBXFileReference; lastKnownFileType = sourcecode.swift; path = TaskTableViewCell.swift; sourceTree = "<group>"; };
		DB9C4E5F21F3B1B100E11A15 /* SummaryViewController.swift */ = {isa = PBXFileReference; lastKnownFileType = sourcecode.swift; path = SummaryViewController.swift; sourceTree = "<group>"; };
		DBCD2D3422020E5D009157BF /* RoutineViewController.swift */ = {isa = PBXFileReference; lastKnownFileType = sourcecode.swift; path = RoutineViewController.swift; sourceTree = "<group>"; };
		DBCD2D3622020E7B009157BF /* RoutineTasksViewController.swift */ = {isa = PBXFileReference; lastKnownFileType = sourcecode.swift; path = RoutineTasksViewController.swift; sourceTree = "<group>"; };
/* End PBXFileReference section */

/* Begin PBXFrameworksBuildPhase section */
		DB9C4DEB21ECE7AA00E11A15 /* Frameworks */ = {
			isa = PBXFrameworksBuildPhase;
			buildActionMask = 2147483647;
			files = (
			);
			runOnlyForDeploymentPostprocessing = 0;
		};
/* End PBXFrameworksBuildPhase section */

/* Begin PBXGroup section */
		DB9C4DE521ECE7AA00E11A15 = {
			isa = PBXGroup;
			children = (
				DB9C4DF021ECE7AA00E11A15 /* TaskTracker */,
				DB9C4DEF21ECE7AA00E11A15 /* Products */,
			);
			sourceTree = "<group>";
		};
		DB9C4DEF21ECE7AA00E11A15 /* Products */ = {
			isa = PBXGroup;
			children = (
				DB9C4DEE21ECE7AA00E11A15 /* TaskTracker.app */,
			);
			name = Products;
			sourceTree = "<group>";
		};
		DB9C4DF021ECE7AA00E11A15 /* TaskTracker */ = {
			isa = PBXGroup;
			children = (
				DB9C4DF121ECE7AA00E11A15 /* AppDelegate.swift */,
				DBD15BAD2205E2F0005C6958 /* Controllers */,
				DB9C4DF521ECE7AA00E11A15 /* Main.storyboard */,
				DB9C4DFB21ECE7AE00E11A15 /* Assets.xcassets */,
				DB9C4DFD21ECE7AE00E11A15 /* LaunchScreen.storyboard */,
				DB9C4E0021ECE7AE00E11A15 /* Info.plist */,
				DB9C4DF821ECE7AA00E11A15 /* TaskTracker.xcdatamodeld */,
				DBD15BAE2205E30C005C6958 /* TableCellFiles */,
				DB9C4E5F21F3B1B100E11A15 /* SummaryViewController.swift */,
				DB70AACE22024D6200350949 /* TempTask.swift */,
			);
			path = TaskTracker;
			sourceTree = "<group>";
		};
		DBD15BAD2205E2F0005C6958 /* Controllers */ = {
			isa = PBXGroup;
			children = (
				DB9C4DF321ECE7AA00E11A15 /* DayViewController.swift */,
				DBCD2D3422020E5D009157BF /* RoutineViewController.swift */,
				DBCD2D3622020E7B009157BF /* RoutineTasksViewController.swift */,
				DB9C4E0621ECEDB100E11A15 /* TaskViewController.swift */,
				DB8984AB220B5F8D0070FB05 /* DetailViewController.swift */,
			);
			path = Controllers;
			sourceTree = "<group>";
		};
		DBD15BAE2205E30C005C6958 /* TableCellFiles */ = {
			isa = PBXGroup;
			children = (
				DB9C4E0821ECEED800E11A15 /* DayTableViewCell.swift */,
				DB9C4E0A21ECEEEB00E11A15 /* TaskTableViewCell.swift */,
				DB70AACA2202420600350949 /* RoutineTableViewCell.swift */,
				DB70AACC2202421600350949 /* RoutineTasksTableViewCell.swift */,
			);
			path = TableCellFiles;
			sourceTree = "<group>";
		};
/* End PBXGroup section */

/* Begin PBXNativeTarget section */
		DB9C4DED21ECE7AA00E11A15 /* TaskTracker */ = {
			isa = PBXNativeTarget;
			buildConfigurationList = DB9C4E0321ECE7AE00E11A15 /* Build configuration list for PBXNativeTarget "TaskTracker" */;
			buildPhases = (
				DB9C4DEA21ECE7AA00E11A15 /* Sources */,
				DB9C4DEB21ECE7AA00E11A15 /* Frameworks */,
				DB9C4DEC21ECE7AA00E11A15 /* Resources */,
			);
			buildRules = (
			);
			dependencies = (
			);
			name = TaskTracker;
			productName = ProductionControlTaskTracking;
			productReference = DB9C4DEE21ECE7AA00E11A15 /* TaskTracker.app */;
			productType = "com.apple.product-type.application";
		};
/* End PBXNativeTarget section */

/* Begin PBXProject section */
		DB9C4DE621ECE7AA00E11A15 /* Project object */ = {
			isa = PBXProject;
			attributes = {
				LastSwiftUpdateCheck = 1010;
				LastUpgradeCheck = 1010;
				ORGANIZATIONNAME = "Steven Robertson";
				TargetAttributes = {
					DB9C4DED21ECE7AA00E11A15 = {
						CreatedOnToolsVersion = 10.1;
					};
				};
			};
			buildConfigurationList = DB9C4DE921ECE7AA00E11A15 /* Build configuration list for PBXProject "TaskTracker" */;
			compatibilityVersion = "Xcode 9.3";
			developmentRegion = en;
			hasScannedForEncodings = 0;
			knownRegions = (
				en,
				Base,
			);
			mainGroup = DB9C4DE521ECE7AA00E11A15;
			productRefGroup = DB9C4DEF21ECE7AA00E11A15 /* Products */;
			projectDirPath = "";
			projectRoot = "";
			targets = (
				DB9C4DED21ECE7AA00E11A15 /* TaskTracker */,
			);
		};
/* End PBXProject section */

/* Begin PBXResourcesBuildPhase section */
		DB9C4DEC21ECE7AA00E11A15 /* Resources */ = {
			isa = PBXResourcesBuildPhase;
			buildActionMask = 2147483647;
			files = (
				DB9C4DFF21ECE7AE00E11A15 /* LaunchScreen.storyboard in Resources */,
				DB9C4DFC21ECE7AE00E11A15 /* Assets.xcassets in Resources */,
				DB9C4DF721ECE7AA00E11A15 /* Main.storyboard in Resources */,
			);
			runOnlyForDeploymentPostprocessing = 0;
		};
/* End PBXResourcesBuildPhase section */

/* Begin PBXSourcesBuildPhase section */
		DB9C4DEA21ECE7AA00E11A15 /* Sources */ = {
			isa = PBXSourcesBuildPhase;
			buildActionMask = 2147483647;
			files = (
				DB8984AC220B5F8D0070FB05 /* DetailViewController.swift in Sources */,
				DB70AACB2202420600350949 /* RoutineTableViewCell.swift in Sources */,
				DB70AACF22024D6200350949 /* TempTask.swift in Sources */,
				DB9C4DF421ECE7AA00E11A15 /* DayViewController.swift in Sources */,
				DB9C4E0721ECEDB100E11A15 /* TaskViewController.swift in Sources */,
				DB9C4E0B21ECEEEB00E11A15 /* TaskTableViewCell.swift in Sources */,
				DBCD2D3522020E5D009157BF /* RoutineViewController.swift in Sources */,
				DB70AACD2202421600350949 /* RoutineTasksTableViewCell.swift in Sources */,
				DB9C4E0921ECEED800E11A15 /* DayTableViewCell.swift in Sources */,
				DB9C4DF221ECE7AA00E11A15 /* AppDelegate.swift in Sources */,
				DB9C4E6021F3B1B100E11A15 /* SummaryViewController.swift in Sources */,
				DB9C4DFA21ECE7AA00E11A15 /* TaskTracker.xcdatamodeld in Sources */,
				DBCD2D3722020E7B009157BF /* RoutineTasksViewController.swift in Sources */,
			);
			runOnlyForDeploymentPostprocessing = 0;
		};
/* End PBXSourcesBuildPhase section */

/* Begin PBXVariantGroup section */
		DB9C4DF521ECE7AA00E11A15 /* Main.storyboard */ = {
			isa = PBXVariantGroup;
			children = (
				DB9C4DF621ECE7AA00E11A15 /* Base */,
			);
			name = Main.storyboard;
			sourceTree = "<group>";
		};
		DB9C4DFD21ECE7AE00E11A15 /* LaunchScreen.storyboard */ = {
			isa = PBXVariantGroup;
			children = (
				DB9C4DFE21ECE7AE00E11A15 /* Base */,
			);
			name = LaunchScreen.storyboard;
			sourceTree = "<group>";
		};
/* End PBXVariantGroup section */

/* Begin XCBuildConfiguration section */
		DB9C4E0121ECE7AE00E11A15 /* Debug */ = {
			isa = XCBuildConfiguration;
			buildSettings = {
				ALWAYS_SEARCH_USER_PATHS = NO;
				CLANG_ANALYZER_NONNULL = YES;
				CLANG_ANALYZER_NUMBER_OBJECT_CONVERSION = YES_AGGRESSIVE;
				CLANG_CXX_LANGUAGE_STANDARD = "gnu++14";
				CLANG_CXX_LIBRARY = "libc++";
				CLANG_ENABLE_MODULES = YES;
				CLANG_ENABLE_OBJC_ARC = YES;
				CLANG_ENABLE_OBJC_WEAK = YES;
				CLANG_WARN_BLOCK_CAPTURE_AUTORELEASING = YES;
				CLANG_WARN_BOOL_CONVERSION = YES;
				CLANG_WARN_COMMA = YES;
				CLANG_WARN_CONSTANT_CONVERSION = YES;
				CLANG_WARN_DEPRECATED_OBJC_IMPLEMENTATIONS = YES;
				CLANG_WARN_DIRECT_OBJC_ISA_USAGE = YES_ERROR;
				CLANG_WARN_DOCUMENTATION_COMMENTS = YES;
				CLANG_WARN_EMPTY_BODY = YES;
				CLANG_WARN_ENUM_CONVERSION = YES;
				CLANG_WARN_INFINITE_RECURSION = YES;
				CLANG_WARN_INT_CONVERSION = YES;
				CLANG_WARN_NON_LITERAL_NULL_CONVERSION = YES;
				CLANG_WARN_OBJC_IMPLICIT_RETAIN_SELF = YES;
				CLANG_WARN_OBJC_LITERAL_CONVERSION = YES;
				CLANG_WARN_OBJC_ROOT_CLASS = YES_ERROR;
				CLANG_WARN_RANGE_LOOP_ANALYSIS = YES;
				CLANG_WARN_STRICT_PROTOTYPES = YES;
				CLANG_WARN_SUSPICIOUS_MOVE = YES;
				CLANG_WARN_UNGUARDED_AVAILABILITY = YES_AGGRESSIVE;
				CLANG_WARN_UNREACHABLE_CODE = YES;
				CLANG_WARN__DUPLICATE_METHOD_MATCH = YES;
				CODE_SIGN_IDENTITY = "iPhone Developer";
				COPY_PHASE_STRIP = NO;
				DEBUG_INFORMATION_FORMAT = dwarf;
				ENABLE_STRICT_OBJC_MSGSEND = YES;
				ENABLE_TESTABILITY = YES;
				GCC_C_LANGUAGE_STANDARD = gnu11;
				GCC_DYNAMIC_NO_PIC = NO;
				GCC_NO_COMMON_BLOCKS = YES;
				GCC_OPTIMIZATION_LEVEL = 0;
				GCC_PREPROCESSOR_DEFINITIONS = (
					"DEBUG=1",
					"$(inherited)",
				);
				GCC_WARN_64_TO_32_BIT_CONVERSION = YES;
				GCC_WARN_ABOUT_RETURN_TYPE = YES_ERROR;
				GCC_WARN_UNDECLARED_SELECTOR = YES;
				GCC_WARN_UNINITIALIZED_AUTOS = YES_AGGRESSIVE;
				GCC_WARN_UNUSED_FUNCTION = YES;
				GCC_WARN_UNUSED_VARIABLE = YES;
				IPHONEOS_DEPLOYMENT_TARGET = 12.1;
				MTL_ENABLE_DEBUG_INFO = INCLUDE_SOURCE;
				MTL_FAST_MATH = YES;
				ONLY_ACTIVE_ARCH = YES;
				SDKROOT = iphoneos;
				SWIFT_ACTIVE_COMPILATION_CONDITIONS = DEBUG;
				SWIFT_OPTIMIZATION_LEVEL = "-Onone";
			};
			name = Debug;
		};
		DB9C4E0221ECE7AE00E11A15 /* Release */ = {
			isa = XCBuildConfiguration;
			buildSettings = {
				ALWAYS_SEARCH_USER_PATHS = NO;
				CLANG_ANALYZER_NONNULL = YES;
				CLANG_ANALYZER_NUMBER_OBJECT_CONVERSION = YES_AGGRESSIVE;
				CLANG_CXX_LANGUAGE_STANDARD = "gnu++14";
				CLANG_CXX_LIBRARY = "libc++";
				CLANG_ENABLE_MODULES = YES;
				CLANG_ENABLE_OBJC_ARC = YES;
				CLANG_ENABLE_OBJC_WEAK = YES;
				CLANG_WARN_BLOCK_CAPTURE_AUTORELEASING = YES;
				CLANG_WARN_BOOL_CONVERSION = YES;
				CLANG_WARN_COMMA = YES;
				CLANG_WARN_CONSTANT_CONVERSION = YES;
				CLANG_WARN_DEPRECATED_OBJC_IMPLEMENTATIONS = YES;
				CLANG_WARN_DIRECT_OBJC_ISA_USAGE = YES_ERROR;
				CLANG_WARN_DOCUMENTATION_COMMENTS = YES;
				CLANG_WARN_EMPTY_BODY = YES;
				CLANG_WARN_ENUM_CONVERSION = YES;
				CLANG_WARN_INFINITE_RECURSION = YES;
				CLANG_WARN_INT_CONVERSION = YES;
				CLANG_WARN_NON_LITERAL_NULL_CONVERSION = YES;
				CLANG_WARN_OBJC_IMPLICIT_RETAIN_SELF = YES;
				CLANG_WARN_OBJC_LITERAL_CONVERSION = YES;
				CLANG_WARN_OBJC_ROOT_CLASS = YES_ERROR;
				CLANG_WARN_RANGE_LOOP_ANALYSIS = YES;
				CLANG_WARN_STRICT_PROTOTYPES = YES;
				CLANG_WARN_SUSPICIOUS_MOVE = YES;
				CLANG_WARN_UNGUARDED_AVAILABILITY = YES_AGGRESSIVE;
				CLANG_WARN_UNREACHABLE_CODE = YES;
				CLANG_WARN__DUPLICATE_METHOD_MATCH = YES;
				CODE_SIGN_IDENTITY = "iPhone Developer";
				COPY_PHASE_STRIP = NO;
				DEBUG_INFORMATION_FORMAT = "dwarf-with-dsym";
				ENABLE_NS_ASSERTIONS = NO;
				ENABLE_STRICT_OBJC_MSGSEND = YES;
				GCC_C_LANGUAGE_STANDARD = gnu11;
				GCC_NO_COMMON_BLOCKS = YES;
				GCC_WARN_64_TO_32_BIT_CONVERSION = YES;
				GCC_WARN_ABOUT_RETURN_TYPE = YES_ERROR;
				GCC_WARN_UNDECLARED_SELECTOR = YES;
				GCC_WARN_UNINITIALIZED_AUTOS = YES_AGGRESSIVE;
				GCC_WARN_UNUSED_FUNCTION = YES;
				GCC_WARN_UNUSED_VARIABLE = YES;
				IPHONEOS_DEPLOYMENT_TARGET = 12.1;
				MTL_ENABLE_DEBUG_INFO = NO;
				MTL_FAST_MATH = YES;
				SDKROOT = iphoneos;
				SWIFT_COMPILATION_MODE = wholemodule;
				SWIFT_OPTIMIZATION_LEVEL = "-O";
				VALIDATE_PRODUCT = YES;
			};
			name = Release;
		};
		DB9C4E0421ECE7AE00E11A15 /* Debug */ = {
			isa = XCBuildConfiguration;
			buildSettings = {
				ASSETCATALOG_COMPILER_APPICON_NAME = AppIcon;
				CODE_SIGN_STYLE = Automatic;
				DEVELOPMENT_TEAM = 87T822GUV8;
				INFOPLIST_FILE = TaskTracker/Info.plist;
				LD_RUNPATH_SEARCH_PATHS = (
					"$(inherited)",
					"@executable_path/Frameworks",
				);
				PRODUCT_BUNDLE_IDENTIFIER = com.SteveRobertson.TaskTracker;
				PRODUCT_NAME = "$(TARGET_NAME)";
				SWIFT_VERSION = 4.2;
				TARGETED_DEVICE_FAMILY = "1,2";
			};
			name = Debug;
		};
		DB9C4E0521ECE7AE00E11A15 /* Release */ = {
			isa = XCBuildConfiguration;
			buildSettings = {
				ASSETCATALOG_COMPILER_APPICON_NAME = AppIcon;
				CODE_SIGN_STYLE = Automatic;
				DEVELOPMENT_TEAM = 87T822GUV8;
				INFOPLIST_FILE = TaskTracker/Info.plist;
				LD_RUNPATH_SEARCH_PATHS = (
					"$(inherited)",
					"@executable_path/Frameworks",
				);
				PRODUCT_BUNDLE_IDENTIFIER = com.SteveRobertson.TaskTracker;
				PRODUCT_NAME = "$(TARGET_NAME)";
				SWIFT_VERSION = 4.2;
				TARGETED_DEVICE_FAMILY = "1,2";
			};
			name = Release;
		};
/* End XCBuildConfiguration section */

/* Begin XCConfigurationList section */
		DB9C4DE921ECE7AA00E11A15 /* Build configuration list for PBXProject "TaskTracker" */ = {
			isa = XCConfigurationList;
			buildConfigurations = (
				DB9C4E0121ECE7AE00E11A15 /* Debug */,
				DB9C4E0221ECE7AE00E11A15 /* Release */,
			);
			defaultConfigurationIsVisible = 0;
			defaultConfigurationName = Release;
		};
		DB9C4E0321ECE7AE00E11A15 /* Build configuration list for PBXNativeTarget "TaskTracker" */ = {
			isa = XCConfigurationList;
			buildConfigurations = (
				DB9C4E0421ECE7AE00E11A15 /* Debug */,
				DB9C4E0521ECE7AE00E11A15 /* Release */,
			);
			defaultConfigurationIsVisible = 0;
			defaultConfigurationName = Release;
		};
/* End XCConfigurationList section */

/* Begin XCVersionGroup section */
		DB9C4DF821ECE7AA00E11A15 /* TaskTracker.xcdatamodeld */ = {
			isa = XCVersionGroup;
			children = (
				DB9C4DF921ECE7AA00E11A15 /* ProductionControlTaskTracking.xcdatamodel */,
			);
			currentVersion = DB9C4DF921ECE7AA00E11A15 /* ProductionControlTaskTracking.xcdatamodel */;
			path = TaskTracker.xcdatamodeld;
			sourceTree = "<group>";
			versionGroupType = wrapper.xcdatamodel;
		};
/* End XCVersionGroup section */
	};
	rootObject = DB9C4DE621ECE7AA00E11A15 /* Project object */;
}
